
Microsoft Visual Studio Solution File, Format Version 12.00
# Visual Studio 15
VisualStudioVersion = 15.0.28307.779
MinimumVisualStudioVersion = 10.0.40219.1
Project("{D954291E-2A0B-460D-934E-DC6B0785DB48}") = "testAppBar.Shared", "testAppBar\testAppBar.Shared\testAppBar.Shared.shproj", "{6279C845-92F8-4333-AB99-3D213163593C}"
EndProject
Project("{FAE04EC0-301F-11D3-BF4B-00C04F79EFBC}") = "testAppBar.Droid", "testAppBar\testAppBar.Droid\testAppBar.Droid.csproj", "{A0B7D961-0EE3-4F15-87D1-F218F5E676A4}"
EndProject
Project("{FAE04EC0-301F-11D3-BF4B-00C04F79EFBC}") = "testAppBar.UWP", "testAppBar\testAppBar.UWP\testAppBar.UWP.csproj", "{AEFB2263-F28B-42F8-B9A3-A40EEDCE1E7B}"
EndProject
Project("{FAE04EC0-301F-11D3-BF4B-00C04F79EFBC}") = "xamarin.Android", "xamarin\xamarin.Android\xamarin.Android.csproj", "{F049A58E-91EA-4BCD-A541-02D4E6981062}"
EndProject
Project("{FAE04EC0-301F-11D3-BF4B-00C04F79EFBC}") = "xamarin", "xamarin\xamarin\xamarin.csproj", "{4349E903-43CB-48E3-BD29-FE537D92EF34}"
EndProject
Global
	GlobalSection(SharedMSBuildProjectFiles) = preSolution
		testAppBar\testAppBar.Shared\testAppBar.Shared.projitems*{6279c845-92f8-4333-ab99-3d213163593c}*SharedItemsImports = 13
		testAppBar\testAppBar.Shared\testAppBar.Shared.projitems*{a0b7d961-0ee3-4f15-87d1-f218f5e676a4}*SharedItemsImports = 4
		testAppBar\testAppBar.Shared\testAppBar.Shared.projitems*{aefb2263-f28b-42f8-b9a3-a40eedce1e7b}*SharedItemsImports = 4
	EndGlobalSection
	GlobalSection(SolutionConfigurationPlatforms) = preSolution
		Ad-Hoc|Any CPU = Ad-Hoc|Any CPU
		Ad-Hoc|ARM = Ad-Hoc|ARM
		Ad-Hoc|iPhone = Ad-Hoc|iPhone
		Ad-Hoc|iPhoneSimulator = Ad-Hoc|iPhoneSimulator
		Ad-Hoc|x64 = Ad-Hoc|x64
		Ad-Hoc|x86 = Ad-Hoc|x86
		AppStore|Any CPU = AppStore|Any CPU
		AppStore|ARM = AppStore|ARM
		AppStore|iPhone = AppStore|iPhone
		AppStore|iPhoneSimulator = AppStore|iPhoneSimulator
		AppStore|x64 = AppStore|x64
		AppStore|x86 = AppStore|x86
		Debug|Any CPU = Debug|Any CPU
		Debug|ARM = Debug|ARM
		Debug|iPhone = Debug|iPhone
		Debug|iPhoneSimulator = Debug|iPhoneSimulator
		Debug|x64 = Debug|x64
		Debug|x86 = Debug|x86
		Release|Any CPU = Release|Any CPU
		Release|ARM = Release|ARM
		Release|iPhone = Release|iPhone
		Release|iPhoneSimulator = Release|iPhoneSimulator
		Release|x64 = Release|x64
		Release|x86 = Release|x86
	EndGlobalSection
	GlobalSection(ProjectConfigurationPlatforms) = postSolution
		{A0B7D961-0EE3-4F15-87D1-F218F5E676A4}.Ad-Hoc|Any CPU.ActiveCfg = Release|Any CPU
		{A0B7D961-0EE3-4F15-87D1-F218F5E676A4}.Ad-Hoc|Any CPU.Build.0 = Release|Any CPU
		{A0B7D961-0EE3-4F15-87D1-F218F5E676A4}.Ad-Hoc|Any CPU.Deploy.0 = Release|Any CPU
		{A0B7D961-0EE3-4F15-87D1-F218F5E676A4}.Ad-Hoc|ARM.ActiveCfg = Release|Any CPU
		{A0B7D961-0EE3-4F15-87D1-F218F5E676A4}.Ad-Hoc|ARM.Build.0 = Release|Any CPU
		{A0B7D961-0EE3-4F15-87D1-F218F5E676A4}.Ad-Hoc|ARM.Deploy.0 = Release|Any CPU
		{A0B7D961-0EE3-4F15-87D1-F218F5E676A4}.Ad-Hoc|iPhone.ActiveCfg = Release|Any CPU
		{A0B7D961-0EE3-4F15-87D1-F218F5E676A4}.Ad-Hoc|iPhone.Build.0 = Release|Any CPU
		{A0B7D961-0EE3-4F15-87D1-F218F5E676A4}.Ad-Hoc|iPhone.Deploy.0 = Release|Any CPU
		{A0B7D961-0EE3-4F15-87D1-F218F5E676A4}.Ad-Hoc|iPhoneSimulator.ActiveCfg = Release|Any CPU
		{A0B7D961-0EE3-4F15-87D1-F218F5E676A4}.Ad-Hoc|iPhoneSimulator.Build.0 = Release|Any CPU
		{A0B7D961-0EE3-4F15-87D1-F218F5E676A4}.Ad-Hoc|iPhoneSimulator.Deploy.0 = Release|Any CPU
		{A0B7D961-0EE3-4F15-87D1-F218F5E676A4}.Ad-Hoc|x64.ActiveCfg = Release|Any CPU
		{A0B7D961-0EE3-4F15-87D1-F218F5E676A4}.Ad-Hoc|x64.Build.0 = Release|Any CPU
		{A0B7D961-0EE3-4F15-87D1-F218F5E676A4}.Ad-Hoc|x64.Deploy.0 = Release|Any CPU
		{A0B7D961-0EE3-4F15-87D1-F218F5E676A4}.Ad-Hoc|x86.ActiveCfg = Release|Any CPU
		{A0B7D961-0EE3-4F15-87D1-F218F5E676A4}.Ad-Hoc|x86.Build.0 = Release|Any CPU
		{A0B7D961-0EE3-4F15-87D1-F218F5E676A4}.Ad-Hoc|x86.Deploy.0 = Release|Any CPU
		{A0B7D961-0EE3-4F15-87D1-F218F5E676A4}.AppStore|Any CPU.ActiveCfg = Release|Any CPU
		{A0B7D961-0EE3-4F15-87D1-F218F5E676A4}.AppStore|Any CPU.Build.0 = Release|Any CPU
		{A0B7D961-0EE3-4F15-87D1-F218F5E676A4}.AppStore|Any CPU.Deploy.0 = Release|Any CPU
		{A0B7D961-0EE3-4F15-87D1-F218F5E676A4}.AppStore|ARM.ActiveCfg = Release|Any CPU
		{A0B7D961-0EE3-4F15-87D1-F218F5E676A4}.AppStore|ARM.Build.0 = Release|Any CPU
		{A0B7D961-0EE3-4F15-87D1-F218F5E676A4}.AppStore|ARM.Deploy.0 = Release|Any CPU
		{A0B7D961-0EE3-4F15-87D1-F218F5E676A4}.AppStore|iPhone.ActiveCfg = Release|Any CPU
		{A0B7D961-0EE3-4F15-87D1-F218F5E676A4}.AppStore|iPhone.Build.0 = Release|Any CPU
		{A0B7D961-0EE3-4F15-87D1-F218F5E676A4}.AppStore|iPhone.Deploy.0 = Release|Any CPU
		{A0B7D961-0EE3-4F15-87D1-F218F5E676A4}.AppStore|iPhoneSimulator.ActiveCfg = Release|Any CPU
		{A0B7D961-0EE3-4F15-87D1-F218F5E676A4}.AppStore|iPhoneSimulator.Build.0 = Release|Any CPU
		{A0B7D961-0EE3-4F15-87D1-F218F5E676A4}.AppStore|iPhoneSimulator.Deploy.0 = Release|Any CPU
		{A0B7D961-0EE3-4F15-87D1-F218F5E676A4}.AppStore|x64.ActiveCfg = Release|Any CPU
		{A0B7D961-0EE3-4F15-87D1-F218F5E676A4}.AppStore|x64.Build.0 = Release|Any CPU
		{A0B7D961-0EE3-4F15-87D1-F218F5E676A4}.AppStore|x64.Deploy.0 = Release|Any CPU
		{A0B7D961-0EE3-4F15-87D1-F218F5E676A4}.AppStore|x86.ActiveCfg = Release|Any CPU
		{A0B7D961-0EE3-4F15-87D1-F218F5E676A4}.AppStore|x86.Build.0 = Release|Any CPU
		{A0B7D961-0EE3-4F15-87D1-F218F5E676A4}.AppStore|x86.Deploy.0 = Release|Any CPU
		{A0B7D961-0EE3-4F15-87D1-F218F5E676A4}.Debug|Any CPU.ActiveCfg = Debug|Any CPU
		{A0B7D961-0EE3-4F15-87D1-F218F5E676A4}.Debug|Any CPU.Build.0 = Debug|Any CPU
		{A0B7D961-0EE3-4F15-87D1-F218F5E676A4}.Debug|Any CPU.Deploy.0 = Debug|Any CPU
		{A0B7D961-0EE3-4F15-87D1-F218F5E676A4}.Debug|ARM.ActiveCfg = Debug|Any CPU
		{A0B7D961-0EE3-4F15-87D1-F218F5E676A4}.Debug|ARM.Build.0 = Debug|Any CPU
		{A0B7D961-0EE3-4F15-87D1-F218F5E676A4}.Debug|ARM.Deploy.0 = Debug|Any CPU
		{A0B7D961-0EE3-4F15-87D1-F218F5E676A4}.Debug|iPhone.ActiveCfg = Debug|Any CPU
		{A0B7D961-0EE3-4F15-87D1-F218F5E676A4}.Debug|iPhone.Build.0 = Debug|Any CPU
		{A0B7D961-0EE3-4F15-87D1-F218F5E676A4}.Debug|iPhone.Deploy.0 = Debug|Any CPU
		{A0B7D961-0EE3-4F15-87D1-F218F5E676A4}.Debug|iPhoneSimulator.ActiveCfg = Debug|Any CPU
		{A0B7D961-0EE3-4F15-87D1-F218F5E676A4}.Debug|iPhoneSimulator.Build.0 = Debug|Any CPU
		{A0B7D961-0EE3-4F15-87D1-F218F5E676A4}.Debug|iPhoneSimulator.Deploy.0 = Debug|Any CPU
		{A0B7D961-0EE3-4F15-87D1-F218F5E676A4}.Debug|x64.ActiveCfg = Debug|Any CPU
		{A0B7D961-0EE3-4F15-87D1-F218F5E676A4}.Debug|x64.Build.0 = Debug|Any CPU
		{A0B7D961-0EE3-4F15-87D1-F218F5E676A4}.Debug|x64.Deploy.0 = Debug|Any CPU
		{A0B7D961-0EE3-4F15-87D1-F218F5E676A4}.Debug|x86.ActiveCfg = Debug|Any CPU
		{A0B7D961-0EE3-4F15-87D1-F218F5E676A4}.Debug|x86.Build.0 = Debug|Any CPU
		{A0B7D961-0EE3-4F15-87D1-F218F5E676A4}.Debug|x86.Deploy.0 = Debug|Any CPU
		{A0B7D961-0EE3-4F15-87D1-F218F5E676A4}.Release|Any CPU.ActiveCfg = Release|Any CPU
		{A0B7D961-0EE3-4F15-87D1-F218F5E676A4}.Release|Any CPU.Build.0 = Release|Any CPU
		{A0B7D961-0EE3-4F15-87D1-F218F5E676A4}.Release|Any CPU.Deploy.0 = Release|Any CPU
		{A0B7D961-0EE3-4F15-87D1-F218F5E676A4}.Release|ARM.ActiveCfg = Release|Any CPU
		{A0B7D961-0EE3-4F15-87D1-F218F5E676A4}.Release|ARM.Build.0 = Release|Any CPU
		{A0B7D961-0EE3-4F15-87D1-F218F5E676A4}.Release|ARM.Deploy.0 = Release|Any CPU
		{A0B7D961-0EE3-4F15-87D1-F218F5E676A4}.Release|iPhone.ActiveCfg = Release|Any CPU
		{A0B7D961-0EE3-4F15-87D1-F218F5E676A4}.Release|iPhone.Build.0 = Release|Any CPU
		{A0B7D961-0EE3-4F15-87D1-F218F5E676A4}.Release|iPhone.Deploy.0 = Release|Any CPU
		{A0B7D961-0EE3-4F15-87D1-F218F5E676A4}.Release|iPhoneSimulator.ActiveCfg = Release|Any CPU
		{A0B7D961-0EE3-4F15-87D1-F218F5E676A4}.Release|iPhoneSimulator.Build.0 = Release|Any CPU
		{A0B7D961-0EE3-4F15-87D1-F218F5E676A4}.Release|iPhoneSimulator.Deploy.0 = Release|Any CPU
		{A0B7D961-0EE3-4F15-87D1-F218F5E676A4}.Release|x64.ActiveCfg = Release|Any CPU
		{A0B7D961-0EE3-4F15-87D1-F218F5E676A4}.Release|x64.Build.0 = Release|Any CPU
		{A0B7D961-0EE3-4F15-87D1-F218F5E676A4}.Release|x64.Deploy.0 = Release|Any CPU
		{A0B7D961-0EE3-4F15-87D1-F218F5E676A4}.Release|x86.ActiveCfg = Release|Any CPU
		{A0B7D961-0EE3-4F15-87D1-F218F5E676A4}.Release|x86.Build.0 = Release|Any CPU
		{A0B7D961-0EE3-4F15-87D1-F218F5E676A4}.Release|x86.Deploy.0 = Release|Any CPU
		{AEFB2263-F28B-42F8-B9A3-A40EEDCE1E7B}.Ad-Hoc|Any CPU.ActiveCfg = Release|x64
		{AEFB2263-F28B-42F8-B9A3-A40EEDCE1E7B}.Ad-Hoc|Any CPU.Build.0 = Release|x64
		{AEFB2263-F28B-42F8-B9A3-A40EEDCE1E7B}.Ad-Hoc|Any CPU.Deploy.0 = Release|x64
		{AEFB2263-F28B-42F8-B9A3-A40EEDCE1E7B}.Ad-Hoc|ARM.ActiveCfg = Release|ARM
		{AEFB2263-F28B-42F8-B9A3-A40EEDCE1E7B}.Ad-Hoc|ARM.Build.0 = Release|ARM
		{AEFB2263-F28B-42F8-B9A3-A40EEDCE1E7B}.Ad-Hoc|ARM.Deploy.0 = Release|ARM
		{AEFB2263-F28B-42F8-B9A3-A40EEDCE1E7B}.Ad-Hoc|iPhone.ActiveCfg = Release|x64
		{AEFB2263-F28B-42F8-B9A3-A40EEDCE1E7B}.Ad-Hoc|iPhone.Build.0 = Release|x64
		{AEFB2263-F28B-42F8-B9A3-A40EEDCE1E7B}.Ad-Hoc|iPhone.Deploy.0 = Release|x64
		{AEFB2263-F28B-42F8-B9A3-A40EEDCE1E7B}.Ad-Hoc|iPhoneSimulator.ActiveCfg = Release|x64
		{AEFB2263-F28B-42F8-B9A3-A40EEDCE1E7B}.Ad-Hoc|iPhoneSimulator.Build.0 = Release|x64
		{AEFB2263-F28B-42F8-B9A3-A40EEDCE1E7B}.Ad-Hoc|iPhoneSimulator.Deploy.0 = Release|x64
		{AEFB2263-F28B-42F8-B9A3-A40EEDCE1E7B}.Ad-Hoc|x64.ActiveCfg = Release|x64
		{AEFB2263-F28B-42F8-B9A3-A40EEDCE1E7B}.Ad-Hoc|x64.Build.0 = Release|x64
		{AEFB2263-F28B-42F8-B9A3-A40EEDCE1E7B}.Ad-Hoc|x64.Deploy.0 = Release|x64
		{AEFB2263-F28B-42F8-B9A3-A40EEDCE1E7B}.Ad-Hoc|x86.ActiveCfg = Release|x86
		{AEFB2263-F28B-42F8-B9A3-A40EEDCE1E7B}.Ad-Hoc|x86.Build.0 = Release|x86
		{AEFB2263-F28B-42F8-B9A3-A40EEDCE1E7B}.Ad-Hoc|x86.Deploy.0 = Release|x86
		{AEFB2263-F28B-42F8-B9A3-A40EEDCE1E7B}.AppStore|Any CPU.ActiveCfg = Release|x64
		{AEFB2263-F28B-42F8-B9A3-A40EEDCE1E7B}.AppStore|Any CPU.Build.0 = Release|x64
		{AEFB2263-F28B-42F8-B9A3-A40EEDCE1E7B}.AppStore|Any CPU.Deploy.0 = Release|x64
		{AEFB2263-F28B-42F8-B9A3-A40EEDCE1E7B}.AppStore|ARM.ActiveCfg = Release|ARM
		{AEFB2263-F28B-42F8-B9A3-A40EEDCE1E7B}.AppStore|ARM.Build.0 = Release|ARM
		{AEFB2263-F28B-42F8-B9A3-A40EEDCE1E7B}.AppStore|ARM.Deploy.0 = Release|ARM
		{AEFB2263-F28B-42F8-B9A3-A40EEDCE1E7B}.AppStore|iPhone.ActiveCfg = Release|x64
		{AEFB2263-F28B-42F8-B9A3-A40EEDCE1E7B}.AppStore|iPhone.Build.0 = Release|x64
		{AEFB2263-F28B-42F8-B9A3-A40EEDCE1E7B}.AppStore|iPhone.Deploy.0 = Release|x64
		{AEFB2263-F28B-42F8-B9A3-A40EEDCE1E7B}.AppStore|iPhoneSimulator.ActiveCfg = Release|x64
		{AEFB2263-F28B-42F8-B9A3-A40EEDCE1E7B}.AppStore|iPhoneSimulator.Build.0 = Release|x64
		{AEFB2263-F28B-42F8-B9A3-A40EEDCE1E7B}.AppStore|iPhoneSimulator.Deploy.0 = Release|x64
		{AEFB2263-F28B-42F8-B9A3-A40EEDCE1E7B}.AppStore|x64.ActiveCfg = Release|x64
		{AEFB2263-F28B-42F8-B9A3-A40EEDCE1E7B}.AppStore|x64.Build.0 = Release|x64
		{AEFB2263-F28B-42F8-B9A3-A40EEDCE1E7B}.AppStore|x64.Deploy.0 = Release|x64
		{AEFB2263-F28B-42F8-B9A3-A40EEDCE1E7B}.AppStore|x86.ActiveCfg = Release|x86
		{AEFB2263-F28B-42F8-B9A3-A40EEDCE1E7B}.AppStore|x86.Build.0 = Release|x86
		{AEFB2263-F28B-42F8-B9A3-A40EEDCE1E7B}.AppStore|x86.Deploy.0 = Release|x86
		{AEFB2263-F28B-42F8-B9A3-A40EEDCE1E7B}.Debug|Any CPU.ActiveCfg = Debug|x86
		{AEFB2263-F28B-42F8-B9A3-A40EEDCE1E7B}.Debug|ARM.ActiveCfg = Debug|ARM
		{AEFB2263-F28B-42F8-B9A3-A40EEDCE1E7B}.Debug|ARM.Build.0 = Debug|ARM
		{AEFB2263-F28B-42F8-B9A3-A40EEDCE1E7B}.Debug|ARM.Deploy.0 = Debug|ARM
		{AEFB2263-F28B-42F8-B9A3-A40EEDCE1E7B}.Debug|iPhone.ActiveCfg = Debug|x86
		{AEFB2263-F28B-42F8-B9A3-A40EEDCE1E7B}.Debug|iPhoneSimulator.ActiveCfg = Debug|x86
		{AEFB2263-F28B-42F8-B9A3-A40EEDCE1E7B}.Debug|x64.ActiveCfg = Debug|x64
		{AEFB2263-F28B-42F8-B9A3-A40EEDCE1E7B}.Debug|x64.Build.0 = Debug|x64
		{AEFB2263-F28B-42F8-B9A3-A40EEDCE1E7B}.Debug|x64.Deploy.0 = Debug|x64
		{AEFB2263-F28B-42F8-B9A3-A40EEDCE1E7B}.Debug|x86.ActiveCfg = Debug|x86
		{AEFB2263-F28B-42F8-B9A3-A40EEDCE1E7B}.Debug|x86.Build.0 = Debug|x86
		{AEFB2263-F28B-42F8-B9A3-A40EEDCE1E7B}.Debug|x86.Deploy.0 = Debug|x86
		{AEFB2263-F28B-42F8-B9A3-A40EEDCE1E7B}.Release|Any CPU.ActiveCfg = Release|x86
		{AEFB2263-F28B-42F8-B9A3-A40EEDCE1E7B}.Release|ARM.ActiveCfg = Release|ARM
		{AEFB2263-F28B-42F8-B9A3-A40EEDCE1E7B}.Release|ARM.Build.0 = Release|ARM
		{AEFB2263-F28B-42F8-B9A3-A40EEDCE1E7B}.Release|ARM.Deploy.0 = Release|ARM
		{AEFB2263-F28B-42F8-B9A3-A40EEDCE1E7B}.Release|iPhone.ActiveCfg = Release|x86
		{AEFB2263-F28B-42F8-B9A3-A40EEDCE1E7B}.Release|iPhoneSimulator.ActiveCfg = Release|x86
		{AEFB2263-F28B-42F8-B9A3-A40EEDCE1E7B}.Release|x64.ActiveCfg = Release|x64
		{AEFB2263-F28B-42F8-B9A3-A40EEDCE1E7B}.Release|x64.Build.0 = Release|x64
		{AEFB2263-F28B-42F8-B9A3-A40EEDCE1E7B}.Release|x64.Deploy.0 = Release|x64
		{AEFB2263-F28B-42F8-B9A3-A40EEDCE1E7B}.Release|x86.ActiveCfg = Release|x86
		{AEFB2263-F28B-42F8-B9A3-A40EEDCE1E7B}.Release|x86.Build.0 = Release|x86
		{AEFB2263-F28B-42F8-B9A3-A40EEDCE1E7B}.Release|x86.Deploy.0 = Release|x86
		{F049A58E-91EA-4BCD-A541-02D4E6981062}.Ad-Hoc|Any CPU.ActiveCfg = Release|Any CPU
		{F049A58E-91EA-4BCD-A541-02D4E6981062}.Ad-Hoc|Any CPU.Build.0 = Release|Any CPU
		{F049A58E-91EA-4BCD-A541-02D4E6981062}.Ad-Hoc|Any CPU.Deploy.0 = Release|Any CPU
		{F049A58E-91EA-4BCD-A541-02D4E6981062}.Ad-Hoc|ARM.ActiveCfg = Release|Any CPU
		{F049A58E-91EA-4BCD-A541-02D4E6981062}.Ad-Hoc|ARM.Build.0 = Release|Any CPU
		{F049A58E-91EA-4BCD-A541-02D4E6981062}.Ad-Hoc|ARM.Deploy.0 = Release|Any CPU
		{F049A58E-91EA-4BCD-A541-02D4E6981062}.Ad-Hoc|iPhone.ActiveCfg = Release|Any CPU
		{F049A58E-91EA-4BCD-A541-02D4E6981062}.Ad-Hoc|iPhone.Build.0 = Release|Any CPU
		{F049A58E-91EA-4BCD-A541-02D4E6981062}.Ad-Hoc|iPhone.Deploy.0 = Release|Any CPU
		{F049A58E-91EA-4BCD-A541-02D4E6981062}.Ad-Hoc|iPhoneSimulator.ActiveCfg = Release|Any CPU
		{F049A58E-91EA-4BCD-A541-02D4E6981062}.Ad-Hoc|iPhoneSimulator.Build.0 = Release|Any CPU
		{F049A58E-91EA-4BCD-A541-02D4E6981062}.Ad-Hoc|iPhoneSimulator.Deploy.0 = Release|Any CPU
		{F049A58E-91EA-4BCD-A541-02D4E6981062}.Ad-Hoc|x64.ActiveCfg = Release|Any CPU
		{F049A58E-91EA-4BCD-A541-02D4E6981062}.Ad-Hoc|x64.Build.0 = Release|Any CPU
		{F049A58E-91EA-4BCD-A541-02D4E6981062}.Ad-Hoc|x64.Deploy.0 = Release|Any CPU
		{F049A58E-91EA-4BCD-A541-02D4E6981062}.Ad-Hoc|x86.ActiveCfg = Release|Any CPU
		{F049A58E-91EA-4BCD-A541-02D4E6981062}.Ad-Hoc|x86.Build.0 = Release|Any CPU
		{F049A58E-91EA-4BCD-A541-02D4E6981062}.Ad-Hoc|x86.Deploy.0 = Release|Any CPU
		{F049A58E-91EA-4BCD-A541-02D4E6981062}.AppStore|Any CPU.ActiveCfg = Release|Any CPU
		{F049A58E-91EA-4BCD-A541-02D4E6981062}.AppStore|Any CPU.Build.0 = Release|Any CPU
		{F049A58E-91EA-4BCD-A541-02D4E6981062}.AppStore|Any CPU.Deploy.0 = Release|Any CPU
		{F049A58E-91EA-4BCD-A541-02D4E6981062}.AppStore|ARM.ActiveCfg = Release|Any CPU
		{F049A58E-91EA-4BCD-A541-02D4E6981062}.AppStore|ARM.Build.0 = Release|Any CPU
		{F049A58E-91EA-4BCD-A541-02D4E6981062}.AppStore|ARM.Deploy.0 = Release|Any CPU
		{F049A58E-91EA-4BCD-A541-02D4E6981062}.AppStore|iPhone.ActiveCfg = Release|Any CPU
		{F049A58E-91EA-4BCD-A541-02D4E6981062}.AppStore|iPhone.Build.0 = Release|Any CPU
		{F049A58E-91EA-4BCD-A541-02D4E6981062}.AppStore|iPhone.Deploy.0 = Release|Any CPU
		{F049A58E-91EA-4BCD-A541-02D4E6981062}.AppStore|iPhoneSimulator.ActiveCfg = Release|Any CPU
		{F049A58E-91EA-4BCD-A541-02D4E6981062}.AppStore|iPhoneSimulator.Build.0 = Release|Any CPU
		{F049A58E-91EA-4BCD-A541-02D4E6981062}.AppStore|iPhoneSimulator.Deploy.0 = Release|Any CPU
		{F049A58E-91EA-4BCD-A541-02D4E6981062}.AppStore|x64.ActiveCfg = Release|Any CPU
		{F049A58E-91EA-4BCD-A541-02D4E6981062}.AppStore|x64.Build.0 = Release|Any CPU
		{F049A58E-91EA-4BCD-A541-02D4E6981062}.AppStore|x64.Deploy.0 = Release|Any CPU
		{F049A58E-91EA-4BCD-A541-02D4E6981062}.AppStore|x86.ActiveCfg = Release|Any CPU
		{F049A58E-91EA-4BCD-A541-02D4E6981062}.AppStore|x86.Build.0 = Release|Any CPU
		{F049A58E-91EA-4BCD-A541-02D4E6981062}.AppStore|x86.Deploy.0 = Release|Any CPU
		{F049A58E-91EA-4BCD-A541-02D4E6981062}.Debug|Any CPU.ActiveCfg = Debug|Any CPU
		{F049A58E-91EA-4BCD-A541-02D4E6981062}.Debug|Any CPU.Build.0 = Debug|Any CPU
		{F049A58E-91EA-4BCD-A541-02D4E6981062}.Debug|Any CPU.Deploy.0 = Debug|Any CPU
		{F049A58E-91EA-4BCD-A541-02D4E6981062}.Debug|ARM.ActiveCfg = Debug|Any CPU
		{F049A58E-91EA-4BCD-A541-02D4E6981062}.Debug|ARM.Build.0 = Debug|Any CPU
		{F049A58E-91EA-4BCD-A541-02D4E6981062}.Debug|ARM.Deploy.0 = Debug|Any CPU
		{F049A58E-91EA-4BCD-A541-02D4E6981062}.Debug|iPhone.ActiveCfg = Debug|Any CPU
		{F049A58E-91EA-4BCD-A541-02D4E6981062}.Debug|iPhone.Build.0 = Debug|Any CPU
		{F049A58E-91EA-4BCD-A541-02D4E6981062}.Debug|iPhone.Deploy.0 = Debug|Any CPU
		{F049A58E-91EA-4BCD-A541-02D4E6981062}.Debug|iPhoneSimulator.ActiveCfg = Debug|Any CPU
		{F049A58E-91EA-4BCD-A541-02D4E6981062}.Debug|iPhoneSimulator.Build.0 = Debug|Any CPU
		{F049A58E-91EA-4BCD-A541-02D4E6981062}.Debug|iPhoneSimulator.Deploy.0 = Debug|Any CPU
		{F049A58E-91EA-4BCD-A541-02D4E6981062}.Debug|x64.ActiveCfg = Debug|Any CPU
		{F049A58E-91EA-4BCD-A541-02D4E6981062}.Debug|x64.Build.0 = Debug|Any CPU
		{F049A58E-91EA-4BCD-A541-02D4E6981062}.Debug|x64.Deploy.0 = Debug|Any CPU
		{F049A58E-91EA-4BCD-A541-02D4E6981062}.Debug|x86.ActiveCfg = Debug|Any CPU
		{F049A58E-91EA-4BCD-A541-02D4E6981062}.Debug|x86.Build.0 = Debug|Any CPU
		{F049A58E-91EA-4BCD-A541-02D4E6981062}.Debug|x86.Deploy.0 = Debug|Any CPU
		{F049A58E-91EA-4BCD-A541-02D4E6981062}.Release|Any CPU.ActiveCfg = Release|Any CPU
		{F049A58E-91EA-4BCD-A541-02D4E6981062}.Release|Any CPU.Build.0 = Release|Any CPU
		{F049A58E-91EA-4BCD-A541-02D4E6981062}.Release|Any CPU.Deploy.0 = Release|Any CPU
		{F049A58E-91EA-4BCD-A541-02D4E6981062}.Release|ARM.ActiveCfg = Release|Any CPU
		{F049A58E-91EA-4BCD-A541-02D4E6981062}.Release|ARM.Build.0 = Release|Any CPU
		{F049A58E-91EA-4BCD-A541-02D4E6981062}.Release|ARM.Deploy.0 = Release|Any CPU
		{F049A58E-91EA-4BCD-A541-02D4E6981062}.Release|iPhone.ActiveCfg = Release|Any CPU
		{F049A58E-91EA-4BCD-A541-02D4E6981062}.Release|iPhone.Build.0 = Release|Any CPU
		{F049A58E-91EA-4BCD-A541-02D4E6981062}.Release|iPhone.Deploy.0 = Release|Any CPU
		{F049A58E-91EA-4BCD-A541-02D4E6981062}.Release|iPhoneSimulator.ActiveCfg = Release|Any CPU
		{F049A58E-91EA-4BCD-A541-02D4E6981062}.Release|iPhoneSimulator.Build.0 = Release|Any CPU
		{F049A58E-91EA-4BCD-A541-02D4E6981062}.Release|iPhoneSimulator.Deploy.0 = Release|Any CPU
		{F049A58E-91EA-4BCD-A541-02D4E6981062}.Release|x64.ActiveCfg = Release|Any CPU
		{F049A58E-91EA-4BCD-A541-02D4E6981062}.Release|x64.Build.0 = Release|Any CPU
		{F049A58E-91EA-4BCD-A541-02D4E6981062}.Release|x64.Deploy.0 = Release|Any CPU
		{F049A58E-91EA-4BCD-A541-02D4E6981062}.Release|x86.ActiveCfg = Release|Any CPU
		{F049A58E-91EA-4BCD-A541-02D4E6981062}.Release|x86.Build.0 = Release|Any CPU
		{F049A58E-91EA-4BCD-A541-02D4E6981062}.Release|x86.Deploy.0 = Release|Any CPU
		{4349E903-43CB-48E3-BD29-FE537D92EF34}.Ad-Hoc|Any CPU.ActiveCfg = Debug|Any CPU
		{4349E903-43CB-48E3-BD29-FE537D92EF34}.Ad-Hoc|Any CPU.Build.0 = Debug|Any CPU
		{4349E903-43CB-48E3-BD29-FE537D92EF34}.Ad-Hoc|ARM.ActiveCfg = Debug|Any CPU
		{4349E903-43CB-48E3-BD29-FE537D92EF34}.Ad-Hoc|ARM.Build.0 = Debug|Any CPU
		{4349E903-43CB-48E3-BD29-FE537D92EF34}.Ad-Hoc|iPhone.ActiveCfg = Debug|Any CPU
		{4349E903-43CB-48E3-BD29-FE537D92EF34}.Ad-Hoc|iPhone.Build.0 = Debug|Any CPU
		{4349E903-43CB-48E3-BD29-FE537D92EF34}.Ad-Hoc|iPhoneSimulator.ActiveCfg = Debug|Any CPU
		{4349E903-43CB-48E3-BD29-FE537D92EF34}.Ad-Hoc|iPhoneSimulator.Build.0 = Debug|Any CPU
		{4349E903-43CB-48E3-BD29-FE537D92EF34}.Ad-Hoc|x64.ActiveCfg = Debug|Any CPU
		{4349E903-43CB-48E3-BD29-FE537D92EF34}.Ad-Hoc|x64.Build.0 = Debug|Any CPU
		{4349E903-43CB-48E3-BD29-FE537D92EF34}.Ad-Hoc|x86.ActiveCfg = Debug|Any CPU
		{4349E903-43CB-48E3-BD29-FE537D92EF34}.Ad-Hoc|x86.Build.0 = Debug|Any CPU
		{4349E903-43CB-48E3-BD29-FE537D92EF34}.AppStore|Any CPU.ActiveCfg = Debug|Any CPU
		{4349E903-43CB-48E3-BD29-FE537D92EF34}.AppStore|Any CPU.Build.0 = Debug|Any CPU
		{4349E903-43CB-48E3-BD29-FE537D92EF34}.AppStore|ARM.ActiveCfg = Debug|Any CPU
		{4349E903-43CB-48E3-BD29-FE537D92EF34}.AppStore|ARM.Build.0 = Debug|Any CPU
		{4349E903-43CB-48E3-BD29-FE537D92EF34}.AppStore|iPhone.ActiveCfg = Debug|Any CPU
		{4349E903-43CB-48E3-BD29-FE537D92EF34}.AppStore|iPhone.Build.0 = Debug|Any CPU
		{4349E903-43CB-48E3-BD29-FE537D92EF34}.AppStore|iPhoneSimulator.ActiveCfg = Debug|Any CPU
		{4349E903-43CB-48E3-BD29-FE537D92EF34}.AppStore|iPhoneSimulator.Build.0 = Debug|Any CPU
		{4349E903-43CB-48E3-BD29-FE537D92EF34}.AppStore|x64.ActiveCfg = Debug|Any CPU
		{4349E903-43CB-48E3-BD29-FE537D92EF34}.AppStore|x64.Build.0 = Debug|Any CPU
		{4349E903-43CB-48E3-BD29-FE537D92EF34}.AppStore|x86.ActiveCfg = Debug|Any CPU
		{4349E903-43CB-48E3-BD29-FE537D92EF34}.AppStore|x86.Build.0 = Debug|Any CPU
		{4349E903-43CB-48E3-BD29-FE537D92EF34}.Debug|Any CPU.ActiveCfg = Debug|Any CPU
		{4349E903-43CB-48E3-BD29-FE537D92EF34}.Debug|Any CPU.Build.0 = Debug|Any CPU
		{4349E903-43CB-48E3-BD29-FE537D92EF34}.Debug|ARM.ActiveCfg = Debug|Any CPU
		{4349E903-43CB-48E3-BD29-FE537D92EF34}.Debug|ARM.Build.0 = Debug|Any CPU
		{4349E903-43CB-48E3-BD29-FE537D92EF34}.Debug|iPhone.ActiveCfg = Debug|Any CPU
		{4349E903-43CB-48E3-BD29-FE537D92EF34}.Debug|iPhone.Build.0 = Debug|Any CPU
		{4349E903-43CB-48E3-BD29-FE537D92EF34}.Debug|iPhoneSimulator.ActiveCfg = Debug|Any CPU
		{4349E903-43CB-48E3-BD29-FE537D92EF34}.Debug|iPhoneSimulator.Build.0 = Debug|Any CPU
		{4349E903-43CB-48E3-BD29-FE537D92EF34}.Debug|x64.ActiveCfg = Debug|Any CPU
		{4349E903-43CB-48E3-BD29-FE537D92EF34}.Debug|x64.Build.0 = Debug|Any CPU
		{4349E903-43CB-48E3-BD29-FE537D92EF34}.Debug|x86.ActiveCfg = Debug|Any CPU
		{4349E903-43CB-48E3-BD29-FE537D92EF34}.Debug|x86.Build.0 = Debug|Any CPU
		{4349E903-43CB-48E3-BD29-FE537D92EF34}.Release|Any CPU.ActiveCfg = Release|Any CPU
		{4349E903-43CB-48E3-BD29-FE537D92EF34}.Release|Any CPU.Build.0 = Release|Any CPU
		{4349E903-43CB-48E3-BD29-FE537D92EF34}.Release|ARM.ActiveCfg = Release|Any CPU
		{4349E903-43CB-48E3-BD29-FE537D92EF34}.Release|ARM.Build.0 = Release|Any CPU
		{4349E903-43CB-48E3-BD29-FE537D92EF34}.Release|iPhone.ActiveCfg = Release|Any CPU
		{4349E903-43CB-48E3-BD29-FE537D92EF34}.Release|iPhone.Build.0 = Release|Any CPU
		{4349E903-43CB-48E3-BD29-FE537D92EF34}.Release|iPhoneSimulator.ActiveCfg = Release|Any CPU
		{4349E903-43CB-48E3-BD29-FE537D92EF34}.Release|iPhoneSimulator.Build.0 = Release|Any CPU
		{4349E903-43CB-48E3-BD29-FE537D92EF34}.Release|x64.ActiveCfg = Release|Any CPU
		{4349E903-43CB-48E3-BD29-FE537D92EF34}.Release|x64.Build.0 = Release|Any CPU
		{4349E903-43CB-48E3-BD29-FE537D92EF34}.Release|x86.ActiveCfg = Release|Any CPU
		{4349E903-43CB-48E3-BD29-FE537D92EF34}.Release|x86.Build.0 = Release|Any CPU
	EndGlobalSection
	GlobalSection(SolutionProperties) = preSolution
		HideSolutionNode = FALSE
	EndGlobalSection
	GlobalSection(ExtensibilityGlobals) = postSolution
		SolutionGuid = {1BBF3F5D-8354-40A0-B215-1024BF382E37}
	EndGlobalSection
EndGlobal
